
Microsoft Visual Studio Solution File, Format Version 12.00
# Visual Studio Version 16
VisualStudioVersion = 16.0.30413.136
MinimumVisualStudioVersion = 10.0.40219.1
Project("{FAE04EC0-301F-11D3-BF4B-00C04F79EFBC}") = "ExpertsDirectory", "ExpertsDirectory\ExpertsDirectory.csproj", "{7E4F1CA5-AC41-4ECD-9EE0-5655DBB80BF2}"
EndProject
Project("{FAE04EC0-301F-11D3-BF4B-00C04F79EFBC}") = "ManagerLayer", "ManagerLayer\ManagerLayer.csproj", "{CA0A04E6-0B78-40F5-94AD-0A3A2845BA3B}"
EndProject
Project("{FAE04EC0-301F-11D3-BF4B-00C04F79EFBC}") = "DataProviderLayer", "DataProviderLayer\DataProviderLayer.csproj", "{56C80900-661D-4C5F-B927-DCAF5987465F}"
EndProject
Project("{FAE04EC0-301F-11D3-BF4B-00C04F79EFBC}") = "Models", "Models\Models.csproj", "{C684C372-A44F-45BB-819E-59D3B87B7943}"
EndProject
Project("{FAE04EC0-301F-11D3-BF4B-00C04F79EFBC}") = "Helpers", "Helpers\Helpers.csproj", "{6BD4BE9A-FC18-483E-9773-A035FA8087D9}"
EndProject
Global
	GlobalSection(SolutionConfigurationPlatforms) = preSolution
		Debug|Any CPU = Debug|Any CPU
		Release|Any CPU = Release|Any CPU
	EndGlobalSection
	GlobalSection(ProjectConfigurationPlatforms) = postSolution
		{7E4F1CA5-AC41-4ECD-9EE0-5655DBB80BF2}.Debug|Any CPU.ActiveCfg = Debug|Any CPU
		{7E4F1CA5-AC41-4ECD-9EE0-5655DBB80BF2}.Debug|Any CPU.Build.0 = Debug|Any CPU
		{7E4F1CA5-AC41-4ECD-9EE0-5655DBB80BF2}.Release|Any CPU.ActiveCfg = Release|Any CPU
		{7E4F1CA5-AC41-4ECD-9EE0-5655DBB80BF2}.Release|Any CPU.Build.0 = Release|Any CPU
		{CA0A04E6-0B78-40F5-94AD-0A3A2845BA3B}.Debug|Any CPU.ActiveCfg = Debug|Any CPU
		{CA0A04E6-0B78-40F5-94AD-0A3A2845BA3B}.Debug|Any CPU.Build.0 = Debug|Any CPU
		{CA0A04E6-0B78-40F5-94AD-0A3A2845BA3B}.Release|Any CPU.ActiveCfg = Release|Any CPU
		{CA0A04E6-0B78-40F5-94AD-0A3A2845BA3B}.Release|Any CPU.Build.0 = Release|Any CPU
		{56C80900-661D-4C5F-B927-DCAF5987465F}.Debug|Any CPU.ActiveCfg = Debug|Any CPU
		{56C80900-661D-4C5F-B927-DCAF5987465F}.Debug|Any CPU.Build.0 = Debug|Any CPU
		{56C80900-661D-4C5F-B927-DCAF5987465F}.Release|Any CPU.ActiveCfg = Release|Any CPU
		{56C80900-661D-4C5F-B927-DCAF5987465F}.Release|Any CPU.Build.0 = Release|Any CPU
		{C684C372-A44F-45BB-819E-59D3B87B7943}.Debug|Any CPU.ActiveCfg = Debug|Any CPU
		{C684C372-A44F-45BB-819E-59D3B87B7943}.Debug|Any CPU.Build.0 = Debug|Any CPU
		{C684C372-A44F-45BB-819E-59D3B87B7943}.Release|Any CPU.ActiveCfg = Release|Any CPU
		{C684C372-A44F-45BB-819E-59D3B87B7943}.Release|Any CPU.Build.0 = Release|Any CPU
		{6BD4BE9A-FC18-483E-9773-A035FA8087D9}.Debug|Any CPU.ActiveCfg = Debug|Any CPU
		{6BD4BE9A-FC18-483E-9773-A035FA8087D9}.Debug|Any CPU.Build.0 = Debug|Any CPU
		{6BD4BE9A-FC18-483E-9773-A035FA8087D9}.Release|Any CPU.ActiveCfg = Release|Any CPU
		{6BD4BE9A-FC18-483E-9773-A035FA8087D9}.Release|Any CPU.Build.0 = Release|Any CPU
	EndGlobalSection
	GlobalSection(SolutionProperties) = preSolution
		HideSolutionNode = FALSE
	EndGlobalSection
	GlobalSection(ExtensibilityGlobals) = postSolution
		SolutionGuid = {EBDCDF81-5D67-4663-B977-5ED42A6E641F}
	EndGlobalSection
EndGlobal
